
Microsoft Visual Studio Solution File, Format Version 12.00
# Visual Studio Version 16
VisualStudioVersion = 16.0.29306.81
MinimumVisualStudioVersion = 10.0.40219.1
Project("{D954291E-2A0B-460D-934E-DC6B0785DB48}") = "GameEntry", "GameEntry\GameEntry.shproj", "{A0CDBD0E-3A41-42B7-9425-A838BC2C7383}"
EndProject
Project("{FAE04EC0-301F-11D3-BF4B-00C04F79EFBC}") = "DesktopApp", "DesktopApp\DesktopApp.csproj", "{917DFE85-CD87-4E35-8DAF-26999587289A}"
EndProject
Project("{FAE04EC0-301F-11D3-BF4B-00C04F79EFBC}") = "AndroidApp.Android", "AndroidApp\AndroidApp.Android.csproj", "{410C0262-131C-4D0E-910D-D01B4F7143E0}"
EndProject
Project("{FAE04EC0-301F-11D3-BF4B-00C04F79EFBC}") = "IosApp.iOS", "IosApp\IosApp.iOS.csproj", "{CA7AB65C-57DE-412C-AF42-E7E6EDDF2D5F}"
EndProject
Project("{2150E333-8FDC-42A3-9474-1A3956D46DE8}") = "Solution Items", "Solution Items", "{0DC31007-C702-4F39-9C06-4C82968F4E2B}"
	ProjectSection(SolutionItems) = preProject
		Content\Content.mgcb = Content\Content.mgcb
	EndProjectSection
EndProject
Project("{2150E333-8FDC-42A3-9474-1A3956D46DE8}") = "Platforms", "Platforms", "{8C0E30A4-2CDE-492C-83E1-A1C311E4A40E}"
EndProject
Global
	GlobalSection(SharedMSBuildProjectFiles) = preSolution
		GameEntry\GameEntry.projitems*{410c0262-131c-4d0e-910d-d01b4f7143e0}*SharedItemsImports = 4
		GameEntry\GameEntry.projitems*{917dfe85-cd87-4e35-8daf-26999587289a}*SharedItemsImports = 4
		GameEntry\GameEntry.projitems*{a0cdbd0e-3a41-42b7-9425-a838bc2c7383}*SharedItemsImports = 13
		GameEntry\GameEntry.projitems*{ca7ab65c-57de-412c-af42-e7e6eddf2d5f}*SharedItemsImports = 4
	EndGlobalSection
	GlobalSection(SolutionConfigurationPlatforms) = preSolution
		Ad-Hoc.Ios|Any CPU = Ad-Hoc.Ios|Any CPU
		Ad-Hoc.Ios|iPhone = Ad-Hoc.Ios|iPhone
		Ad-Hoc.Ios|iPhoneSimulator = Ad-Hoc.Ios|iPhoneSimulator
		Ad-Hoc|Any CPU = Ad-Hoc|Any CPU
		Ad-Hoc|iPhone = Ad-Hoc|iPhone
		Ad-Hoc|iPhoneSimulator = Ad-Hoc|iPhoneSimulator
		AppStore.Ios|Any CPU = AppStore.Ios|Any CPU
		AppStore.Ios|iPhone = AppStore.Ios|iPhone
		AppStore.Ios|iPhoneSimulator = AppStore.Ios|iPhoneSimulator
		AppStore|Any CPU = AppStore|Any CPU
		AppStore|iPhone = AppStore|iPhone
		AppStore|iPhoneSimulator = AppStore|iPhoneSimulator
		Debug.Android|Any CPU = Debug.Android|Any CPU
		Debug.Android|iPhone = Debug.Android|iPhone
		Debug.Android|iPhoneSimulator = Debug.Android|iPhoneSimulator
		Debug.Windows|Any CPU = Debug.Windows|Any CPU
		Debug.Windows|iPhone = Debug.Windows|iPhone
		Debug.Windows|iPhoneSimulator = Debug.Windows|iPhoneSimulator
		Release.Android|Any CPU = Release.Android|Any CPU
		Release.Android|iPhone = Release.Android|iPhone
		Release.Android|iPhoneSimulator = Release.Android|iPhoneSimulator
		Release.Windows|Any CPU = Release.Windows|Any CPU
		Release.Windows|iPhone = Release.Windows|iPhone
		Release.Windows|iPhoneSimulator = Release.Windows|iPhoneSimulator
	EndGlobalSection
	GlobalSection(ProjectConfigurationPlatforms) = postSolution
		{917DFE85-CD87-4E35-8DAF-26999587289A}.Ad-Hoc.Ios|Any CPU.ActiveCfg = Debug|Any CPU
		{917DFE85-CD87-4E35-8DAF-26999587289A}.Ad-Hoc.Ios|iPhone.ActiveCfg = Release|Any CPU
		{917DFE85-CD87-4E35-8DAF-26999587289A}.Ad-Hoc.Ios|iPhone.Build.0 = Release|Any CPU
		{917DFE85-CD87-4E35-8DAF-26999587289A}.Ad-Hoc.Ios|iPhoneSimulator.ActiveCfg = Release|Any CPU
		{917DFE85-CD87-4E35-8DAF-26999587289A}.Ad-Hoc.Ios|iPhoneSimulator.Build.0 = Release|Any CPU
		{917DFE85-CD87-4E35-8DAF-26999587289A}.Ad-Hoc|Any CPU.ActiveCfg = Release|Any CPU
		{917DFE85-CD87-4E35-8DAF-26999587289A}.Ad-Hoc|Any CPU.Build.0 = Release|Any CPU
		{917DFE85-CD87-4E35-8DAF-26999587289A}.Ad-Hoc|iPhone.ActiveCfg = Release|Any CPU
		{917DFE85-CD87-4E35-8DAF-26999587289A}.Ad-Hoc|iPhone.Build.0 = Release|Any CPU
		{917DFE85-CD87-4E35-8DAF-26999587289A}.Ad-Hoc|iPhoneSimulator.ActiveCfg = Release|Any CPU
		{917DFE85-CD87-4E35-8DAF-26999587289A}.Ad-Hoc|iPhoneSimulator.Build.0 = Release|Any CPU
		{917DFE85-CD87-4E35-8DAF-26999587289A}.AppStore.Ios|Any CPU.ActiveCfg = Release|Any CPU
		{917DFE85-CD87-4E35-8DAF-26999587289A}.AppStore.Ios|iPhone.ActiveCfg = Release|Any CPU
		{917DFE85-CD87-4E35-8DAF-26999587289A}.AppStore.Ios|iPhone.Build.0 = Release|Any CPU
		{917DFE85-CD87-4E35-8DAF-26999587289A}.AppStore.Ios|iPhoneSimulator.ActiveCfg = Release|Any CPU
		{917DFE85-CD87-4E35-8DAF-26999587289A}.AppStore.Ios|iPhoneSimulator.Build.0 = Release|Any CPU
		{917DFE85-CD87-4E35-8DAF-26999587289A}.AppStore|Any CPU.ActiveCfg = Release|Any CPU
		{917DFE85-CD87-4E35-8DAF-26999587289A}.AppStore|Any CPU.Build.0 = Release|Any CPU
		{917DFE85-CD87-4E35-8DAF-26999587289A}.AppStore|iPhone.ActiveCfg = Release|Any CPU
		{917DFE85-CD87-4E35-8DAF-26999587289A}.AppStore|iPhone.Build.0 = Release|Any CPU
		{917DFE85-CD87-4E35-8DAF-26999587289A}.AppStore|iPhoneSimulator.ActiveCfg = Release|Any CPU
		{917DFE85-CD87-4E35-8DAF-26999587289A}.AppStore|iPhoneSimulator.Build.0 = Release|Any CPU
		{917DFE85-CD87-4E35-8DAF-26999587289A}.Debug.Android|Any CPU.ActiveCfg = Debug|Any CPU
		{917DFE85-CD87-4E35-8DAF-26999587289A}.Debug.Android|iPhone.ActiveCfg = Debug|Any CPU
		{917DFE85-CD87-4E35-8DAF-26999587289A}.Debug.Android|iPhone.Build.0 = Debug|Any CPU
		{917DFE85-CD87-4E35-8DAF-26999587289A}.Debug.Android|iPhoneSimulator.ActiveCfg = Debug|Any CPU
		{917DFE85-CD87-4E35-8DAF-26999587289A}.Debug.Android|iPhoneSimulator.Build.0 = Debug|Any CPU
		{917DFE85-CD87-4E35-8DAF-26999587289A}.Debug.Windows|Any CPU.ActiveCfg = Debug|Any CPU
		{917DFE85-CD87-4E35-8DAF-26999587289A}.Debug.Windows|Any CPU.Build.0 = Debug|Any CPU
		{917DFE85-CD87-4E35-8DAF-26999587289A}.Debug.Windows|iPhone.ActiveCfg = Debug|Any CPU
		{917DFE85-CD87-4E35-8DAF-26999587289A}.Debug.Windows|iPhone.Build.0 = Debug|Any CPU
		{917DFE85-CD87-4E35-8DAF-26999587289A}.Debug.Windows|iPhoneSimulator.ActiveCfg = Debug|Any CPU
		{917DFE85-CD87-4E35-8DAF-26999587289A}.Debug.Windows|iPhoneSimulator.Build.0 = Debug|Any CPU
		{917DFE85-CD87-4E35-8DAF-26999587289A}.Release.Android|Any CPU.ActiveCfg = Release|Any CPU
		{917DFE85-CD87-4E35-8DAF-26999587289A}.Release.Android|iPhone.ActiveCfg = Release|Any CPU
		{917DFE85-CD87-4E35-8DAF-26999587289A}.Release.Android|iPhone.Build.0 = Release|Any CPU
		{917DFE85-CD87-4E35-8DAF-26999587289A}.Release.Android|iPhoneSimulator.ActiveCfg = Release|Any CPU
		{917DFE85-CD87-4E35-8DAF-26999587289A}.Release.Android|iPhoneSimulator.Build.0 = Release|Any CPU
		{917DFE85-CD87-4E35-8DAF-26999587289A}.Release.Windows|Any CPU.ActiveCfg = Release|Any CPU
		{917DFE85-CD87-4E35-8DAF-26999587289A}.Release.Windows|Any CPU.Build.0 = Release|Any CPU
		{917DFE85-CD87-4E35-8DAF-26999587289A}.Release.Windows|iPhone.ActiveCfg = Release|Any CPU
		{917DFE85-CD87-4E35-8DAF-26999587289A}.Release.Windows|iPhone.Build.0 = Release|Any CPU
		{917DFE85-CD87-4E35-8DAF-26999587289A}.Release.Windows|iPhoneSimulator.ActiveCfg = Release|Any CPU
		{917DFE85-CD87-4E35-8DAF-26999587289A}.Release.Windows|iPhoneSimulator.Build.0 = Release|Any CPU
		{410C0262-131C-4D0E-910D-D01B4F7143E0}.Ad-Hoc.Ios|Any CPU.ActiveCfg = Debug|Any CPU
		{410C0262-131C-4D0E-910D-D01B4F7143E0}.Ad-Hoc.Ios|iPhone.ActiveCfg = Release|Any CPU
		{410C0262-131C-4D0E-910D-D01B4F7143E0}.Ad-Hoc.Ios|iPhone.Build.0 = Release|Any CPU
		{410C0262-131C-4D0E-910D-D01B4F7143E0}.Ad-Hoc.Ios|iPhone.Deploy.0 = Release|Any CPU
		{410C0262-131C-4D0E-910D-D01B4F7143E0}.Ad-Hoc.Ios|iPhoneSimulator.ActiveCfg = Release|Any CPU
		{410C0262-131C-4D0E-910D-D01B4F7143E0}.Ad-Hoc.Ios|iPhoneSimulator.Build.0 = Release|Any CPU
		{410C0262-131C-4D0E-910D-D01B4F7143E0}.Ad-Hoc.Ios|iPhoneSimulator.Deploy.0 = Release|Any CPU
		{410C0262-131C-4D0E-910D-D01B4F7143E0}.Ad-Hoc|Any CPU.ActiveCfg = Release|Any CPU
		{410C0262-131C-4D0E-910D-D01B4F7143E0}.Ad-Hoc|Any CPU.Build.0 = Release|Any CPU
		{410C0262-131C-4D0E-910D-D01B4F7143E0}.Ad-Hoc|Any CPU.Deploy.0 = Release|Any CPU
		{410C0262-131C-4D0E-910D-D01B4F7143E0}.Ad-Hoc|iPhone.ActiveCfg = Release|Any CPU
		{410C0262-131C-4D0E-910D-D01B4F7143E0}.Ad-Hoc|iPhone.Build.0 = Release|Any CPU
		{410C0262-131C-4D0E-910D-D01B4F7143E0}.Ad-Hoc|iPhone.Deploy.0 = Release|Any CPU
		{410C0262-131C-4D0E-910D-D01B4F7143E0}.Ad-Hoc|iPhoneSimulator.ActiveCfg = Release|Any CPU
		{410C0262-131C-4D0E-910D-D01B4F7143E0}.Ad-Hoc|iPhoneSimulator.Build.0 = Release|Any CPU
		{410C0262-131C-4D0E-910D-D01B4F7143E0}.Ad-Hoc|iPhoneSimulator.Deploy.0 = Release|Any CPU
		{410C0262-131C-4D0E-910D-D01B4F7143E0}.AppStore.Ios|Any CPU.ActiveCfg = Release|Any CPU
		{410C0262-131C-4D0E-910D-D01B4F7143E0}.AppStore.Ios|iPhone.ActiveCfg = Release|Any CPU
		{410C0262-131C-4D0E-910D-D01B4F7143E0}.AppStore.Ios|iPhone.Build.0 = Release|Any CPU
		{410C0262-131C-4D0E-910D-D01B4F7143E0}.AppStore.Ios|iPhone.Deploy.0 = Release|Any CPU
		{410C0262-131C-4D0E-910D-D01B4F7143E0}.AppStore.Ios|iPhoneSimulator.ActiveCfg = Release|Any CPU
		{410C0262-131C-4D0E-910D-D01B4F7143E0}.AppStore.Ios|iPhoneSimulator.Build.0 = Release|Any CPU
		{410C0262-131C-4D0E-910D-D01B4F7143E0}.AppStore.Ios|iPhoneSimulator.Deploy.0 = Release|Any CPU
		{410C0262-131C-4D0E-910D-D01B4F7143E0}.AppStore|Any CPU.ActiveCfg = Release|Any CPU
		{410C0262-131C-4D0E-910D-D01B4F7143E0}.AppStore|Any CPU.Build.0 = Release|Any CPU
		{410C0262-131C-4D0E-910D-D01B4F7143E0}.AppStore|Any CPU.Deploy.0 = Release|Any CPU
		{410C0262-131C-4D0E-910D-D01B4F7143E0}.AppStore|iPhone.ActiveCfg = Release|Any CPU
		{410C0262-131C-4D0E-910D-D01B4F7143E0}.AppStore|iPhone.Build.0 = Release|Any CPU
		{410C0262-131C-4D0E-910D-D01B4F7143E0}.AppStore|iPhone.Deploy.0 = Release|Any CPU
		{410C0262-131C-4D0E-910D-D01B4F7143E0}.AppStore|iPhoneSimulator.ActiveCfg = Release|Any CPU
		{410C0262-131C-4D0E-910D-D01B4F7143E0}.AppStore|iPhoneSimulator.Build.0 = Release|Any CPU
		{410C0262-131C-4D0E-910D-D01B4F7143E0}.AppStore|iPhoneSimulator.Deploy.0 = Release|Any CPU
		{410C0262-131C-4D0E-910D-D01B4F7143E0}.Debug.Android|Any CPU.ActiveCfg = Debug|Any CPU
		{410C0262-131C-4D0E-910D-D01B4F7143E0}.Debug.Android|Any CPU.Build.0 = Debug|Any CPU
		{410C0262-131C-4D0E-910D-D01B4F7143E0}.Debug.Android|Any CPU.Deploy.0 = Debug|Any CPU
		{410C0262-131C-4D0E-910D-D01B4F7143E0}.Debug.Android|iPhone.ActiveCfg = Debug|Any CPU
		{410C0262-131C-4D0E-910D-D01B4F7143E0}.Debug.Android|iPhone.Build.0 = Debug|Any CPU
		{410C0262-131C-4D0E-910D-D01B4F7143E0}.Debug.Android|iPhone.Deploy.0 = Debug|Any CPU
		{410C0262-131C-4D0E-910D-D01B4F7143E0}.Debug.Android|iPhoneSimulator.ActiveCfg = Debug|Any CPU
		{410C0262-131C-4D0E-910D-D01B4F7143E0}.Debug.Android|iPhoneSimulator.Build.0 = Debug|Any CPU
		{410C0262-131C-4D0E-910D-D01B4F7143E0}.Debug.Android|iPhoneSimulator.Deploy.0 = Debug|Any CPU
		{410C0262-131C-4D0E-910D-D01B4F7143E0}.Debug.Windows|Any CPU.ActiveCfg = Debug|Any CPU
		{410C0262-131C-4D0E-910D-D01B4F7143E0}.Debug.Windows|iPhone.ActiveCfg = Debug|Any CPU
		{410C0262-131C-4D0E-910D-D01B4F7143E0}.Debug.Windows|iPhone.Build.0 = Debug|Any CPU
		{410C0262-131C-4D0E-910D-D01B4F7143E0}.Debug.Windows|iPhone.Deploy.0 = Debug|Any CPU
		{410C0262-131C-4D0E-910D-D01B4F7143E0}.Debug.Windows|iPhoneSimulator.ActiveCfg = Debug|Any CPU
		{410C0262-131C-4D0E-910D-D01B4F7143E0}.Debug.Windows|iPhoneSimulator.Build.0 = Debug|Any CPU
		{410C0262-131C-4D0E-910D-D01B4F7143E0}.Debug.Windows|iPhoneSimulator.Deploy.0 = Debug|Any CPU
		{410C0262-131C-4D0E-910D-D01B4F7143E0}.Release.Android|Any CPU.ActiveCfg = Release|Any CPU
		{410C0262-131C-4D0E-910D-D01B4F7143E0}.Release.Android|Any CPU.Build.0 = Release|Any CPU
		{410C0262-131C-4D0E-910D-D01B4F7143E0}.Release.Android|Any CPU.Deploy.0 = Release|Any CPU
		{410C0262-131C-4D0E-910D-D01B4F7143E0}.Release.Android|iPhone.ActiveCfg = Release|Any CPU
		{410C0262-131C-4D0E-910D-D01B4F7143E0}.Release.Android|iPhone.Build.0 = Release|Any CPU
		{410C0262-131C-4D0E-910D-D01B4F7143E0}.Release.Android|iPhone.Deploy.0 = Release|Any CPU
		{410C0262-131C-4D0E-910D-D01B4F7143E0}.Release.Android|iPhoneSimulator.ActiveCfg = Release|Any CPU
		{410C0262-131C-4D0E-910D-D01B4F7143E0}.Release.Android|iPhoneSimulator.Build.0 = Release|Any CPU
		{410C0262-131C-4D0E-910D-D01B4F7143E0}.Release.Android|iPhoneSimulator.Deploy.0 = Release|Any CPU
		{410C0262-131C-4D0E-910D-D01B4F7143E0}.Release.Windows|Any CPU.ActiveCfg = Release|Any CPU
		{410C0262-131C-4D0E-910D-D01B4F7143E0}.Release.Windows|iPhone.ActiveCfg = Release|Any CPU
		{410C0262-131C-4D0E-910D-D01B4F7143E0}.Release.Windows|iPhone.Build.0 = Release|Any CPU
		{410C0262-131C-4D0E-910D-D01B4F7143E0}.Release.Windows|iPhone.Deploy.0 = Release|Any CPU
		{410C0262-131C-4D0E-910D-D01B4F7143E0}.Release.Windows|iPhoneSimulator.ActiveCfg = Release|Any CPU
		{410C0262-131C-4D0E-910D-D01B4F7143E0}.Release.Windows|iPhoneSimulator.Build.0 = Release|Any CPU
		{410C0262-131C-4D0E-910D-D01B4F7143E0}.Release.Windows|iPhoneSimulator.Deploy.0 = Release|Any CPU
		{CA7AB65C-57DE-412C-AF42-E7E6EDDF2D5F}.Ad-Hoc.Ios|Any CPU.ActiveCfg = Ad-Hoc|iPhone
		{CA7AB65C-57DE-412C-AF42-E7E6EDDF2D5F}.Ad-Hoc.Ios|Any CPU.Build.0 = Ad-Hoc|iPhone
		{CA7AB65C-57DE-412C-AF42-E7E6EDDF2D5F}.Ad-Hoc.Ios|iPhone.ActiveCfg = Ad-Hoc|iPhone
		{CA7AB65C-57DE-412C-AF42-E7E6EDDF2D5F}.Ad-Hoc.Ios|iPhone.Build.0 = Ad-Hoc|iPhone
		{CA7AB65C-57DE-412C-AF42-E7E6EDDF2D5F}.Ad-Hoc.Ios|iPhoneSimulator.ActiveCfg = Ad-Hoc|iPhoneSimulator
		{CA7AB65C-57DE-412C-AF42-E7E6EDDF2D5F}.Ad-Hoc.Ios|iPhoneSimulator.Build.0 = Ad-Hoc|iPhoneSimulator
		{CA7AB65C-57DE-412C-AF42-E7E6EDDF2D5F}.Ad-Hoc|Any CPU.ActiveCfg = Ad-Hoc|iPhoneSimulator
		{CA7AB65C-57DE-412C-AF42-E7E6EDDF2D5F}.Ad-Hoc|iPhone.ActiveCfg = Ad-Hoc|iPhone
		{CA7AB65C-57DE-412C-AF42-E7E6EDDF2D5F}.Ad-Hoc|iPhone.Build.0 = Ad-Hoc|iPhone
		{CA7AB65C-57DE-412C-AF42-E7E6EDDF2D5F}.Ad-Hoc|iPhoneSimulator.ActiveCfg = Ad-Hoc|iPhoneSimulator
		{CA7AB65C-57DE-412C-AF42-E7E6EDDF2D5F}.Ad-Hoc|iPhoneSimulator.Build.0 = Ad-Hoc|iPhoneSimulator
		{CA7AB65C-57DE-412C-AF42-E7E6EDDF2D5F}.AppStore.Ios|Any CPU.ActiveCfg = AppStore|iPhone
		{CA7AB65C-57DE-412C-AF42-E7E6EDDF2D5F}.AppStore.Ios|Any CPU.Build.0 = AppStore|iPhone
		{CA7AB65C-57DE-412C-AF42-E7E6EDDF2D5F}.AppStore.Ios|iPhone.ActiveCfg = AppStore|iPhone
		{CA7AB65C-57DE-412C-AF42-E7E6EDDF2D5F}.AppStore.Ios|iPhone.Build.0 = AppStore|iPhone
		{CA7AB65C-57DE-412C-AF42-E7E6EDDF2D5F}.AppStore.Ios|iPhoneSimulator.ActiveCfg = AppStore|iPhoneSimulator
		{CA7AB65C-57DE-412C-AF42-E7E6EDDF2D5F}.AppStore.Ios|iPhoneSimulator.Build.0 = AppStore|iPhoneSimulator
		{CA7AB65C-57DE-412C-AF42-E7E6EDDF2D5F}.AppStore|Any CPU.ActiveCfg = AppStore|iPhoneSimulator
		{CA7AB65C-57DE-412C-AF42-E7E6EDDF2D5F}.AppStore|iPhone.ActiveCfg = AppStore|iPhone
		{CA7AB65C-57DE-412C-AF42-E7E6EDDF2D5F}.AppStore|iPhone.Build.0 = AppStore|iPhone
		{CA7AB65C-57DE-412C-AF42-E7E6EDDF2D5F}.AppStore|iPhoneSimulator.ActiveCfg = AppStore|iPhoneSimulator
		{CA7AB65C-57DE-412C-AF42-E7E6EDDF2D5F}.AppStore|iPhoneSimulator.Build.0 = AppStore|iPhoneSimulator
		{CA7AB65C-57DE-412C-AF42-E7E6EDDF2D5F}.Debug.Android|Any CPU.ActiveCfg = Ad-Hoc|iPhone
		{CA7AB65C-57DE-412C-AF42-E7E6EDDF2D5F}.Debug.Android|iPhone.ActiveCfg = Debug|iPhone
		{CA7AB65C-57DE-412C-AF42-E7E6EDDF2D5F}.Debug.Android|iPhone.Build.0 = Debug|iPhone
		{CA7AB65C-57DE-412C-AF42-E7E6EDDF2D5F}.Debug.Android|iPhoneSimulator.ActiveCfg = Debug|iPhoneSimulator
		{CA7AB65C-57DE-412C-AF42-E7E6EDDF2D5F}.Debug.Android|iPhoneSimulator.Build.0 = Debug|iPhoneSimulator
		{CA7AB65C-57DE-412C-AF42-E7E6EDDF2D5F}.Debug.Windows|Any CPU.ActiveCfg = Ad-Hoc|iPhone
		{CA7AB65C-57DE-412C-AF42-E7E6EDDF2D5F}.Debug.Windows|iPhone.ActiveCfg = Debug|iPhone
		{CA7AB65C-57DE-412C-AF42-E7E6EDDF2D5F}.Debug.Windows|iPhone.Build.0 = Debug|iPhone
		{CA7AB65C-57DE-412C-AF42-E7E6EDDF2D5F}.Debug.Windows|iPhoneSimulator.ActiveCfg = Debug|iPhoneSimulator
		{CA7AB65C-57DE-412C-AF42-E7E6EDDF2D5F}.Debug.Windows|iPhoneSimulator.Build.0 = Debug|iPhoneSimulator
		{CA7AB65C-57DE-412C-AF42-E7E6EDDF2D5F}.Release.Android|Any CPU.ActiveCfg = Release|iPhone
		{CA7AB65C-57DE-412C-AF42-E7E6EDDF2D5F}.Release.Android|iPhone.ActiveCfg = Release|iPhone
		{CA7AB65C-57DE-412C-AF42-E7E6EDDF2D5F}.Release.Android|iPhone.Build.0 = Release|iPhone
		{CA7AB65C-57DE-412C-AF42-E7E6EDDF2D5F}.Release.Android|iPhoneSimulator.ActiveCfg = Release|iPhoneSimulator
		{CA7AB65C-57DE-412C-AF42-E7E6EDDF2D5F}.Release.Android|iPhoneSimulator.Build.0 = Release|iPhoneSimulator
		{CA7AB65C-57DE-412C-AF42-E7E6EDDF2D5F}.Release.Windows|Any CPU.ActiveCfg = Release|iPhone
		{CA7AB65C-57DE-412C-AF42-E7E6EDDF2D5F}.Release.Windows|iPhone.ActiveCfg = Release|iPhone
		{CA7AB65C-57DE-412C-AF42-E7E6EDDF2D5F}.Release.Windows|iPhone.Build.0 = Release|iPhone
		{CA7AB65C-57DE-412C-AF42-E7E6EDDF2D5F}.Release.Windows|iPhoneSimulator.ActiveCfg = Release|iPhoneSimulator
		{CA7AB65C-57DE-412C-AF42-E7E6EDDF2D5F}.Release.Windows|iPhoneSimulator.Build.0 = Release|iPhoneSimulator
	EndGlobalSection
	GlobalSection(SolutionProperties) = preSolution
		HideSolutionNode = FALSE
	EndGlobalSection
	GlobalSection(NestedProjects) = preSolution
		{917DFE85-CD87-4E35-8DAF-26999587289A} = {8C0E30A4-2CDE-492C-83E1-A1C311E4A40E}
		{410C0262-131C-4D0E-910D-D01B4F7143E0} = {8C0E30A4-2CDE-492C-83E1-A1C311E4A40E}
		{CA7AB65C-57DE-412C-AF42-E7E6EDDF2D5F} = {8C0E30A4-2CDE-492C-83E1-A1C311E4A40E}
	EndGlobalSection
	GlobalSection(ExtensibilityGlobals) = postSolution
		SolutionGuid = {FDCEE095-96C6-4CFD-BBD9-C8CD00F84ED2}
	EndGlobalSection
EndGlobal
